
Microsoft Visual Studio Solution File, Format Version 12.00
# Visual Studio Version 17
VisualStudioVersion = 17.10.34916.146
MinimumVisualStudioVersion = 10.0.40219.1
Project("{FAE04EC0-301F-11D3-BF4B-00C04F79EFBC}") = "WeatherWise-front", "WeatherWise-front\WeatherWise-front.csproj", "{7CD22C40-0A02-46E9-BFC9-579D2784FA29}"
EndProject
Global
	GlobalSection(SolutionConfigurationPlatforms) = preSolution
		Debug|Any CPU = Debug|Any CPU
		Release|Any CPU = Release|Any CPU
	EndGlobalSection
	GlobalSection(ProjectConfigurationPlatforms) = postSolution
		{7CD22C40-0A02-46E9-BFC9-579D2784FA29}.Debug|Any CPU.ActiveCfg = Debug|Any CPU
		{7CD22C40-0A02-46E9-BFC9-579D2784FA29}.Debug|Any CPU.Build.0 = Debug|Any CPU
		{7CD22C40-0A02-46E9-BFC9-579D2784FA29}.Release|Any CPU.ActiveCfg = Release|Any CPU
		{7CD22C40-0A02-46E9-BFC9-579D2784FA29}.Release|Any CPU.Build.0 = Release|Any CPU
	EndGlobalSection
	GlobalSection(SolutionProperties) = preSolution
		HideSolutionNode = FALSE
	EndGlobalSection
	GlobalSection(ExtensibilityGlobals) = postSolution
		SolutionGuid = {49252A55-7A74-46C2-AB7F-073367EA9A4F}
	EndGlobalSection
EndGlobal
